
Microsoft Visual Studio Solution File, Format Version 12.00
# Visual Studio Version 16
VisualStudioVersion = 16.0.28922.388
MinimumVisualStudioVersion = 10.0.40219.1
Project("{FAE04EC0-301F-11D3-BF4B-00C04F79EFBC}") = "Crassus_Plugin_Benchmark_Client1", "Crassus_Plugin_Benchmark_Client1\Crassus_Plugin_Benchmark_Client1.csproj", "{088C3FA5-D34E-4335-9216-A599AD0F129E}"
EndProject
Global
	GlobalSection(SolutionConfigurationPlatforms) = preSolution
		Debug|Any CPU = Debug|Any CPU
		Release|Any CPU = Release|Any CPU
	EndGlobalSection
	GlobalSection(ProjectConfigurationPlatforms) = postSolution
		{088C3FA5-D34E-4335-9216-A599AD0F129E}.Debug|Any CPU.ActiveCfg = Debug|Any CPU
		{088C3FA5-D34E-4335-9216-A599AD0F129E}.Debug|Any CPU.Build.0 = Debug|Any CPU
		{088C3FA5-D34E-4335-9216-A599AD0F129E}.Release|Any CPU.ActiveCfg = Release|Any CPU
		{088C3FA5-D34E-4335-9216-A599AD0F129E}.Release|Any CPU.Build.0 = Release|Any CPU
	EndGlobalSection
	GlobalSection(SolutionProperties) = preSolution
		HideSolutionNode = FALSE
	EndGlobalSection
	GlobalSection(ExtensibilityGlobals) = postSolution
		SolutionGuid = {4378611C-AF88-4B2C-9A17-175F35F99551}
	EndGlobalSection
EndGlobal
